PODS:
  - FBSnapshotTestCase (2.1.4):
    - FBSnapshotTestCase/SwiftSupport (= 2.1.4)
  - FBSnapshotTestCase/Core (2.1.4)
  - FBSnapshotTestCase/SwiftSupport (2.1.4):
    - FBSnapshotTestCase/Core
  - SFAnimation (0.1.2):
    - SFAnimation/SFAnimation (= 0.1.2)
  - SFAnimation/SFAnimation (0.1.2)

DEPENDENCIES:
  - FBSnapshotTestCase
  - SFAnimation (from `../`)

SPEC REPOS:
  trunk:
    - FBSnapshotTestCase

EXTERNAL SOURCES:
  SFAnimation:
    :path: "../"

SPEC CHECKSUMS:
  FBSnapshotTestCase: 094f9f314decbabe373b87cc339bea235a63e07a
  SFAnimation: 4035784d5b08e308054bc215f872a784b9d3ef35

PODFILE CHECKSUM: 525041cb531e0544385c1330f8501a0df4d733ba

COCOAPODS: 1.9.3
