PODS:
  - FBSnapshotTestCase (2.1.4):
    - FBSnapshotTestCase/SwiftSupport (= 2.1.4)
  - FBSnapshotTestCase/Core (2.1.4)
  - FBSnapshotTestCase/SwiftSupport (2.1.4):
    - FBSnapshotTestCase/Core
  - SFAnimation (0.1.1)

DEPENDENCIES:
  - FBSnapshotTestCase
  - SFAnimation (from `../`)

SPEC REPOS:
  trunk:
    - FBSnapshotTestCase

EXTERNAL SOURCES:
  SFAnimation:
    :path: "../"

SPEC CHECKSUMS:
  FBSnapshotTestCase: 094f9f314decbabe373b87cc339bea235a63e07a
  SFAnimation: 3cb516bb7accb900d62ac45ad83d071ab6dd3d5e

PODFILE CHECKSUM: 525041cb531e0544385c1330f8501a0df4d733ba

COCOAPODS: 1.9.3
